// !$*UTF8*$!
{
	archiveVersion = 1;
	classes = {
	};
	objectVersion = 46;
	objects = {

/* Begin PBXBuildFile section */
		60217B041D52D671007A8B5A /* main.m in Sources */ = {isa = PBXBuildFile; fileRef = 60217B031D52D671007A8B5A /* main.m */; };
		60217B0C1D52D6CD007A8B5A /* CustomClass.m in Sources */ = {isa = PBXBuildFile; fileRef = 60217B0B1D52D6CD007A8B5A /* CustomClass.m */; };
		60217B121D531459007A8B5A /* OtherClass.m in Sources */ = {isa = PBXBuildFile; fileRef = 60217B111D531459007A8B5A /* OtherClass.m */; };
		60DDA6FB1D853B8700E21B25 /* SuperClass.m in Sources */ = {isa = PBXBuildFile; fileRef = 60DDA6FA1D853B8700E21B25 /* SuperClass.m */; };
		60DDA6FE1D853B9900E21B25 /* SubClass.m in Sources */ = {isa = PBXBuildFile; fileRef = 60DDA6FD1D853B9900E21B25 /* SubClass.m */; };
		60DDA7011D85C67300E21B25 /* People.m in Sources */ = {isa = PBXBuildFile; fileRef = 60DDA7001D85C67300E21B25 /* People.m */; };
		60DDA7041D85CD3300E21B25 /* People+Associated.m in Sources */ = {isa = PBXBuildFile; fileRef = 60DDA7031D85CD3300E21B25 /* People+Associated.m */; };
		60DDA7071D871E8A00E21B25 /* Bird.m in Sources */ = {isa = PBXBuildFile; fileRef = 60DDA7061D871E8A00E21B25 /* Bird.m */; };
/* End PBXBuildFile section */

/* Begin PBXCopyFilesBuildPhase section */
		60217AFE1D52D671007A8B5A /* CopyFiles */ = {
			isa = PBXCopyFilesBuildPhase;
			buildActionMask = 2147483647;
			dstPath = /usr/share/man/man1/;
			dstSubfolderSpec = 0;
			files = (
			);
			runOnlyForDeploymentPostprocessing = 1;
		};
/* End PBXCopyFilesBuildPhase section */

/* Begin PBXFileReference section */
		60217B001D52D671007A8B5A /* runtime */ = {isa = PBXFileReference; explicitFileType = "compiled.mach-o.executable"; includeInIndex = 0; path = runtime; sourceTree = BUILT_PRODUCTS_DIR; };
		60217B031D52D671007A8B5A /* main.m */ = {isa = PBXFileReference; lastKnownFileType = sourcecode.c.objc; path = main.m; sourceTree = "<group>"; };
		60217B0A1D52D6CD007A8B5A /* CustomClass.h */ = {isa = PBXFileReference; fileEncoding = 4; lastKnownFileType = sourcecode.c.h; path = CustomClass.h; sourceTree = "<group>"; };
		60217B0B1D52D6CD007A8B5A /* CustomClass.m */ = {isa = PBXFileReference; fileEncoding = 4; lastKnownFileType = sourcecode.c.objc; path = CustomClass.m; sourceTree = "<group>"; };
		60217B101D531459007A8B5A /* OtherClass.h */ = {isa = PBXFileReference; fileEncoding = 4; lastKnownFileType = sourcecode.c.h; path = OtherClass.h; sourceTree = "<group>"; };
		60217B111D531459007A8B5A /* OtherClass.m */ = {isa = PBXFileReference; fileEncoding = 4; lastKnownFileType = sourcecode.c.objc; path = OtherClass.m; sourceTree = "<group>"; };
		60DDA6F91D853B8700E21B25 /* SuperClass.h */ = {isa = PBXFileReference; fileEncoding = 4; lastKnownFileType = sourcecode.c.h; path = SuperClass.h; sourceTree = "<group>"; };
		60DDA6FA1D853B8700E21B25 /* SuperClass.m */ = {isa = PBXFileReference; fileEncoding = 4; lastKnownFileType = sourcecode.c.objc; path = SuperClass.m; sourceTree = "<group>"; };
		60DDA6FC1D853B9900E21B25 /* SubClass.h */ = {isa = PBXFileReference; fileEncoding = 4; lastKnownFileType = sourcecode.c.h; path = SubClass.h; sourceTree = "<group>"; };
		60DDA6FD1D853B9900E21B25 /* SubClass.m */ = {isa = PBXFileReference; fileEncoding = 4; lastKnownFileType = sourcecode.c.objc; path = SubClass.m; sourceTree = "<group>"; };
		60DDA6FF1D85C67300E21B25 /* People.h */ = {isa = PBXFileReference; fileEncoding = 4; lastKnownFileType = sourcecode.c.h; path = People.h; sourceTree = "<group>"; };
		60DDA7001D85C67300E21B25 /* People.m */ = {isa = PBXFileReference; fileEncoding = 4; lastKnownFileType = sourcecode.c.objc; path = People.m; sourceTree = "<group>"; };
		60DDA7021D85CD3300E21B25 /* People+Associated.h */ = {isa = PBXFileReference; fileEncoding = 4; lastKnownFileType = sourcecode.c.h; path = "People+Associated.h"; sourceTree = "<group>"; };
		60DDA7031D85CD3300E21B25 /* People+Associated.m */ = {isa = PBXFileReference; fileEncoding = 4; lastKnownFileType = sourcecode.c.objc; path = "People+Associated.m"; sourceTree = "<group>"; };
		60DDA7051D871E8A00E21B25 /* Bird.h */ = {isa = PBXFileReference; fileEncoding = 4; lastKnownFileType = sourcecode.c.h; path = Bird.h; sourceTree = "<group>"; };
		60DDA7061D871E8A00E21B25 /* Bird.m */ = {isa = PBXFileReference; fileEncoding = 4; lastKnownFileType = sourcecode.c.objc; path = Bird.m; sourceTree = "<group>"; };
/* End PBXFileReference section */

/* Begin PBXFrameworksBuildPhase section */
		60217AFD1D52D671007A8B5A /* Frameworks */ = {
			isa = PBXFrameworksBuildPhase;
			buildActionMask = 2147483647;
			files = (
			);
			runOnlyForDeploymentPostprocessing = 0;
		};
/* End PBXFrameworksBuildPhase section */

/* Begin PBXGroup section */
		60217AF71D52D671007A8B5A = {
			isa = PBXGroup;
			children = (
				60217B021D52D671007A8B5A /* runtime */,
				60217B011D52D671007A8B5A /* Products */,
			);
			sourceTree = "<group>";
		};
		60217B011D52D671007A8B5A /* Products */ = {
			isa = PBXGroup;
			children = (
				60217B001D52D671007A8B5A /* runtime */,
			);
			name = Products;
			sourceTree = "<group>";
		};
		60217B021D52D671007A8B5A /* runtime */ = {
			isa = PBXGroup;
			children = (
				60217B031D52D671007A8B5A /* main.m */,
				60DDA6FF1D85C67300E21B25 /* People.h */,
				60DDA7001D85C67300E21B25 /* People.m */,
				60DDA7051D871E8A00E21B25 /* Bird.h */,
				60DDA7061D871E8A00E21B25 /* Bird.m */,
				60DDA7021D85CD3300E21B25 /* People+Associated.h */,
				60DDA7031D85CD3300E21B25 /* People+Associated.m */,
				60217B0A1D52D6CD007A8B5A /* CustomClass.h */,
				60217B0B1D52D6CD007A8B5A /* CustomClass.m */,
				60217B101D531459007A8B5A /* OtherClass.h */,
				60217B111D531459007A8B5A /* OtherClass.m */,
				60DDA6F91D853B8700E21B25 /* SuperClass.h */,
				60DDA6FA1D853B8700E21B25 /* SuperClass.m */,
				60DDA6FC1D853B9900E21B25 /* SubClass.h */,
				60DDA6FD1D853B9900E21B25 /* SubClass.m */,
			);
			path = runtime;
			sourceTree = "<group>";
		};
/* End PBXGroup section */

/* Begin PBXNativeTarget section */
		60217AFF1D52D671007A8B5A /* runtime */ = {
			isa = PBXNativeTarget;
			buildConfigurationList = 60217B071D52D671007A8B5A /* Build configuration list for PBXNativeTarget "runtime" */;
			buildPhases = (
				60217AFC1D52D671007A8B5A /* Sources */,
				60217AFD1D52D671007A8B5A /* Frameworks */,
				60217AFE1D52D671007A8B5A /* CopyFiles */,
			);
			buildRules = (
			);
			dependencies = (
			);
			name = runtime;
			productName = runtime;
			productReference = 60217B001D52D671007A8B5A /* runtime */;
			productType = "com.apple.product-type.tool";
		};
/* End PBXNativeTarget section */

/* Begin PBXProject section */
		60217AF81D52D671007A8B5A /* Project object */ = {
			isa = PBXProject;
			attributes = {
				LastUpgradeCheck = 0730;
				ORGANIZATIONNAME = llzzzhh;
				TargetAttributes = {
					60217AFF1D52D671007A8B5A = {
						CreatedOnToolsVersion = 7.3.1;
					};
				};
			};
			buildConfigurationList = 60217AFB1D52D671007A8B5A /* Build configuration list for PBXProject "runtime" */;
			compatibilityVersion = "Xcode 3.2";
			developmentRegion = English;
			hasScannedForEncodings = 0;
			knownRegions = (
				en,
			);
			mainGroup = 60217AF71D52D671007A8B5A;
			productRefGroup = 60217B011D52D671007A8B5A /* Products */;
			projectDirPath = "";
			projectRoot = "";
			targets = (
				60217AFF1D52D671007A8B5A /* runtime */,
			);
		};
/* End PBXProject section */

/* Begin PBXSourcesBuildPhase section */
		60217AFC1D52D671007A8B5A /* Sources */ = {
			isa = PBXSourcesBuildPhase;
			buildActionMask = 2147483647;
			files = (
				60DDA7011D85C67300E21B25 /* People.m in Sources */,
				60DDA6FB1D853B8700E21B25 /* SuperClass.m in Sources */,
				60DDA7071D871E8A00E21B25 /* Bird.m in Sources */,
				60DDA7041D85CD3300E21B25 /* People+Associated.m in Sources */,
				60DDA6FE1D853B9900E21B25 /* SubClass.m in Sources */,
				60217B041D52D671007A8B5A /* main.m in Sources */,
				60217B0C1D52D6CD007A8B5A /* CustomClass.m in Sources */,
				60217B121D531459007A8B5A /* OtherClass.m in Sources */,
			);
			runOnlyForDeploymentPostprocessing = 0;
		};
/* End PBXSourcesBuildPhase section */

/* Begin XCBuildConfiguration section */
		60217B051D52D671007A8B5A /* Debug */ = {
			isa = XCBuildConfiguration;
			buildSettings = {
				ALWAYS_SEARCH_USER_PATHS = NO;
				CLANG_ANALYZER_NONNULL = YES;
				CLANG_CXX_LANGUAGE_STANDARD = "gnu++0x";
				CLANG_CXX_LIBRARY = "libc++";
				CLANG_ENABLE_MODULES = YES;
				CLANG_ENABLE_OBJC_ARC = YES;
				CLANG_WARN_BOOL_CONVERSION = YES;
				CLANG_WARN_CONSTANT_CONVERSION = YES;
				CLANG_WARN_DIRECT_OBJC_ISA_USAGE = YES_ERROR;
				CLANG_WARN_EMPTY_BODY = YES;
				CLANG_WARN_ENUM_CONVERSION = YES;
				CLANG_WARN_INT_CONVERSION = YES;
				CLANG_WARN_OBJC_ROOT_CLASS = YES_ERROR;
				CLANG_WARN_UNREACHABLE_CODE = YES;
				CLANG_WARN__DUPLICATE_METHOD_MATCH = YES;
				CODE_SIGN_IDENTITY = "-";
				COPY_PHASE_STRIP = NO;
				DEBUG_INFORMATION_FORMAT = dwarf;
				ENABLE_STRICT_OBJC_MSGSEND = YES;
				ENABLE_TESTABILITY = YES;
				GCC_C_LANGUAGE_STANDARD = gnu99;
				GCC_DYNAMIC_NO_PIC = NO;
				GCC_NO_COMMON_BLOCKS = YES;
				GCC_OPTIMIZATION_LEVEL = 0;
				GCC_PREPROCESSOR_DEFINITIONS = (
					"DEBUG=1",
					"$(inherited)",
				);
				GCC_WARN_64_TO_32_BIT_CONVERSION = YES;
				GCC_WARN_ABOUT_RETURN_TYPE = YES_ERROR;
				GCC_WARN_UNDECLARED_SELECTOR = YES;
				GCC_WARN_UNINITIALIZED_AUTOS = YES_AGGRESSIVE;
				GCC_WARN_UNUSED_FUNCTION = YES;
				GCC_WARN_UNUSED_VARIABLE = YES;
				MACOSX_DEPLOYMENT_TARGET = 10.11;
				MTL_ENABLE_DEBUG_INFO = YES;
				ONLY_ACTIVE_ARCH = YES;
				SDKROOT = macosx;
			};
			name = Debug;
		};
		60217B061D52D671007A8B5A /* Release */ = {
			isa = XCBuildConfiguration;
			buildSettings = {
				ALWAYS_SEARCH_USER_PATHS = NO;
				CLANG_ANALYZER_NONNULL = YES;
				CLANG_CXX_LANGUAGE_STANDARD = "gnu++0x";
				CLANG_CXX_LIBRARY = "libc++";
				CLANG_ENABLE_MODULES = YES;
				CLANG_ENABLE_OBJC_ARC = YES;
				CLANG_WARN_BOOL_CONVERSION = YES;
				CLANG_WARN_CONSTANT_CONVERSION = YES;
				CLANG_WARN_DIRECT_OBJC_ISA_USAGE = YES_ERROR;
				CLANG_WARN_EMPTY_BODY = YES;
				CLANG_WARN_ENUM_CONVERSION = YES;
				CLANG_WARN_INT_CONVERSION = YES;
				CLANG_WARN_OBJC_ROOT_CLASS = YES_ERROR;
				CLANG_WARN_UNREACHABLE_CODE = YES;
				CLANG_WARN__DUPLICATE_METHOD_MATCH = YES;
				CODE_SIGN_IDENTITY = "-";
				COPY_PHASE_STRIP = NO;
				DEBUG_INFORMATION_FORMAT = "dwarf-with-dsym";
				ENABLE_NS_ASSERTIONS = NO;
				ENABLE_STRICT_OBJC_MSGSEND = YES;
				GCC_C_LANGUAGE_STANDARD = gnu99;
				GCC_NO_COMMON_BLOCKS = YES;
				GCC_WARN_64_TO_32_BIT_CONVERSION = YES;
				GCC_WARN_ABOUT_RETURN_TYPE = YES_ERROR;
				GCC_WARN_UNDECLARED_SELECTOR = YES;
				GCC_WARN_UNINITIALIZED_AUTOS = YES_AGGRESSIVE;
				GCC_WARN_UNUSED_FUNCTION = YES;
				GCC_WARN_UNUSED_VARIABLE = YES;
				MACOSX_DEPLOYMENT_TARGET = 10.11;
				MTL_ENABLE_DEBUG_INFO = NO;
				SDKROOT = macosx;
			};
			name = Release;
		};
		60217B081D52D671007A8B5A /* Debug */ = {
			isa = XCBuildConfiguration;
			buildSettings = {
				ENABLE_STRICT_OBJC_MSGSEND = NO;
				PRODUCT_NAME = "$(TARGET_NAME)";
			};
			name = Debug;
		};
		60217B091D52D671007A8B5A /* Release */ = {
			isa = XCBuildConfiguration;
			buildSettings = {
				ENABLE_STRICT_OBJC_MSGSEND = NO;
				PRODUCT_NAME = "$(TARGET_NAME)";
			};
			name = Release;
		};
/* End XCBuildConfiguration section */

/* Begin XCConfigurationList section */
		60217AFB1D52D671007A8B5A /* Build configuration list for PBXProject "runtime" */ = {
			isa = XCConfigurationList;
			buildConfigurations = (
				60217B051D52D671007A8B5A /* Debug */,
				60217B061D52D671007A8B5A /* Release */,
			);
			defaultConfigurationIsVisible = 0;
			defaultConfigurationName = Release;
		};
		60217B071D52D671007A8B5A /* Build configuration list for PBXNativeTarget "runtime" */ = {
			isa = XCConfigurationList;
			buildConfigurations = (
				60217B081D52D671007A8B5A /* Debug */,
				60217B091D52D671007A8B5A /* Release */,
			);
			defaultConfigurationIsVisible = 0;
			defaultConfigurationName = Release;
		};
/* End XCConfigurationList section */
	};
	rootObject = 60217AF81D52D671007A8B5A /* Project object */;
}
